# This file is automatically @generated by Poetry 1.7.1 and should not be changed by hand.

[[package]]
name = "awkward"
version = "2.6.1"
description = "Manipulate JSON-like data with NumPy-like idioms."
optional = false
python-versions = ">=3.8"
files = [
    {file = "awkward-2.6.1-py3-none-any.whl", hash = "sha256:9a48d366a42ad4d54f383c3202395db36472eb426e64ff9f09eaf0286516df36"},
    {file = "awkward-2.6.1.tar.gz", hash = "sha256:e33ced53cb588fb297a07b919c8919dcd87f0cc2da00a7388bc77e042b0511d9"},
]

[package.dependencies]
awkward-cpp = "29"
fsspec = ">=2022.11.0"
numpy = ">=1.18.0"
packaging = "*"

[[package]]
name = "awkward-cpp"
version = "29"
description = "CPU kernels and compiled extensions for Awkward Array"
optional = false
python-versions = ">=3.8"
files = [
    {file = "awkward-cpp-29.tar.gz", hash = "sha256:af4b7891b78b903171bce341e88d2add84059fa167f08e8a993005999d1b9d1b"},
    {file = "awkward_cpp-29-cp310-cp310-macosx_10_9_universal2.whl", hash = "sha256:4240cabe552fe51c0b18492a713118f2296c67f61c9bddd0557d27e329def797"},
    {file = "awkward_cpp-29-cp310-cp310-macosx_10_9_x86_64.whl", hash = "sha256:9214560a9ea82e80c04d5b0549b81db5eafa8c840eae74dd367f6cd50e4da6a2"},
    {file = "awkward_cpp-29-cp310-cp310-manylinux_2_17_aarch64.manylinux2014_aarch64.whl", hash = "sha256:1140d6373bc4df98aed24296340419476ce5a67c315c8c9964801af640118465"},
    {file = "awkward_cpp-29-cp310-cp310-manylinux_2_17_x86_64.manylinux2014_x86_64.whl", hash = "sha256:35d480f5cb42fdd63aa1d724b70dda90e9292883588e864c06754319e952b149"},
    {file = "awkward_cpp-29-cp310-cp310-musllinux_1_1_aarch64.whl", hash = "sha256:b5b34b0905e1e58410e3a50777008c5f58f99bfb0408f096e3a07898b958de07"},
    {file = "awkward_cpp-29-cp310-cp310-musllinux_1_1_x86_64.whl", hash = "sha256:4827be3bc60d2210991b11b555f1c314167faed62e0bf4eeb1b8a121c1aa5cab"},
    {file = "awkward_cpp-29-cp310-cp310-win_amd64.whl", hash = "sha256:21158526277f231145e52c9a458987f5b1b9f92e5cb7e0470a09a67cdb56d24c"},
    {file = "awkward_cpp-29-cp311-cp311-macosx_10_9_universal2.whl", hash = "sha256:3cecfa051fb5857caed2c24b345b589545f69acdb8d9188bf094ed2c1d39d6cf"},
    {file = "awkward_cpp-29-cp311-cp311-macosx_10_9_x86_64.whl", hash = "sha256:1e82f41a673a1985dfddbab8b23d7f69cf467f62e7845cdf13b7610e6396865e"},
    {file = "awkward_cpp-29-cp311-cp311-manylinux_2_17_aarch64.manylinux2014_aarch64.whl", hash = "sha256:67bdea398840a814b16f622d19da585a9259e244a6bc714ef318223018beb153"},
    {file = "awkward_cpp-29-cp311-cp311-manylinux_2_17_x86_64.manylinux2014_x86_64.whl", hash = "sha256:474188f7525c70b721680f4202ea4e189cab1fed91ec91e6259cbc3e90132ae6"},
    {file = "awkward_cpp-29-cp311-cp311-musllinux_1_1_aarch64.whl", hash = "sha256:755751c8cbed21ea942985670d5a42d20ec806a11551e5a683a5feaad512bd53"},
    {file = "awkward_cpp-29-cp311-cp311-musllinux_1_1_x86_64.whl", hash = "sha256:744b5cfb5dcf65c8562394183e8f4d2608fe6b8659676aa8827e6ae1c5199e0a"},
    {file = "awkward_cpp-29-cp311-cp311-win_amd64.whl", hash = "sha256:312d058e41885de5a8717071beff01dc62475c023ae0659900aadef4dc115b40"},
    {file = "awkward_cpp-29-cp312-cp312-macosx_10_9_universal2.whl", hash = "sha256:dddad5e865d3ce981ff77850a883385a64698f237b0b85652c22e79a888d028d"},
    {file = "awkward_cpp-29-cp312-cp312-macosx_10_9_x86_64.whl", hash = "sha256:2ab18039eddbcffba23e35b574c302d6e9235dfe10519348414b1ec47bf1706e"},
    {file = "awkward_cpp-29-cp312-cp312-manylinux_2_17_aarch64.manylinux2014_aarch64.whl", hash = "sha256:0b77fdaf1e1f23f4faffbe8cd9d3714e3476c12d889798ad35a2bd9be7078f35"},
    {file = "awkward_cpp-29-cp312-cp312-manylinux_2_17_x86_64.manylinux2014_x86_64.whl", hash = "sha256:4dc90163d8cb06eae7f2b9daa0447abc57532ecfb2aab955ac6ac424765750e1"},
    {file = "awkward_cpp-29-cp312-cp312-musllinux_1_1_aarch64.whl", hash = "sha256:1a4d848ccceb526ef53863c868cc049cdb6aa92c4433d075b7c88f195b7f9216"},
    {file = "awkward_cpp-29-cp312-cp312-musllinux_1_1_x86_64.whl", hash = "sha256:6408f0ad2d8c698cc97065c163cfcecb4c5bad992b2d666f1d4e83e0381ed0e3"},
    {file = "awkward_cpp-29-cp312-cp312-win_amd64.whl", hash = "sha256:4444e0b2e03903b4ccdbec5bdc6e8b8af5aeb4104e240b334a87e99e5f3be7bf"},
    {file = "awkward_cpp-29-cp38-cp38-macosx_10_9_universal2.whl", hash = "sha256:e6574c987008ae8286137bf5075fae9e99a05511a72b667bad21795a3109aae8"},
    {file = "awkward_cpp-29-cp38-cp38-macosx_10_9_x86_64.whl", hash = "sha256:335b16a6c89099e85fc433436545d7bbb1d3f0ae6460f0ad2cc4b4fb21152c53"},
    {file = "awkward_cpp-29-cp38-cp38-manylinux_2_17_aarch64.manylinux2014_aarch64.whl", hash = "sha256:071b53b02651462f7c11db7e3d0994d7ff6a5ba84d3ef96d4bfd5a9cfb000ac9"},
    {file = "awkward_cpp-29-cp38-cp38-manylinux_2_17_x86_64.manylinux2014_x86_64.whl", hash = "sha256:262f47126c7f68738980424404b3b080919e34b63df52449a5fa67546e8ac4e7"},
    {file = "awkward_cpp-29-cp38-cp38-musllinux_1_1_aarch64.whl", hash = "sha256:6288125055d91ca4d90b078fe83c1e2af89dbd69ce2803cda90a9abc50ca4390"},
    {file = "awkward_cpp-29-cp38-cp38-musllinux_1_1_x86_64.whl", hash = "sha256:3451a5ae03c0869fb5b51b3c629b93fdc631f0dd76259de13abdf8df55dcab03"},
    {file = "awkward_cpp-29-cp38-cp38-win32.whl", hash = "sha256:bed5362955a5b3edcbae3d718cbbdbf4fc056b092468f1cf611d75feb0d91323"},
    {file = "awkward_cpp-29-cp38-cp38-win_amd64.whl", hash = "sha256:51c0e5a593b1ea3f650aa790af71f489fb377004b6267b894139d83cb3a15dbf"},
    {file = "awkward_cpp-29-cp39-cp39-macosx_10_9_universal2.whl", hash = "sha256:61c71d410a144532e195ac48ed1b5882a3a90f6a852c0730d44de850ff854944"},
    {file = "awkward_cpp-29-cp39-cp39-macosx_10_9_x86_64.whl", hash = "sha256:0107a87715d94d5f45bb91e9b9a95242f74d1b0bd97218c7136dca6caac238d4"},
    {file = "awkward_cpp-29-cp39-cp39-manylinux_2_17_aarch64.manylinux2014_aarch64.whl", hash = "sha256:1f62cb0cf1321a4c33341a2c88634dd17055a8bd00e893824e395108207b776c"},
    {file = "awkward_cpp-29-cp39-cp39-manylinux_2_17_x86_64.manylinux2014_x86_64.whl", hash = "sha256:f37e1fb92cfa0216521315c50652f5b0ff82e9f27e89b9fdb2ebf3f593b8248f"},
    {file = "awkward_cpp-29-cp39-cp39-musllinux_1_1_aarch64.whl", hash = "sha256:db7d5d68452413d5d6fcf4dd6d9f153471f41e19a6ccdc1f1854f8aa6c1d58bd"},
    {file = "awkward_cpp-29-cp39-cp39-musllinux_1_1_x86_64.whl", hash = "sha256:d628fab3bd0f1f5e5a8c5c4c17eada8c291ce3edfac30cfd521d491d83a52e10"},
    {file = "awkward_cpp-29-cp39-cp39-win32.whl", hash = "sha256:294e20a8ad13795d34578ce70d3e56e9729a35094233fe6646e1aa0440160f7d"},
    {file = "awkward_cpp-29-cp39-cp39-win_amd64.whl", hash = "sha256:2acf32f3802a2a777fd5f092d60828945d8badb521a0867acae44891c2ca340b"},
    {file = "awkward_cpp-29-pp310-pypy310_pp73-macosx_10_9_x86_64.whl", hash = "sha256:4ac75796d85c06c914e0b9e4023fe710b7d938b23db8b140de45528c62fcbe96"},
    {file = "awkward_cpp-29-pp310-pypy310_pp73-manylinux_2_17_x86_64.manylinux2014_x86_64.whl", hash = "sha256:593ed7f976ac5e35e1819a08891990707559ae17e3551629c01f91e0393b72ae"},
    {file = "awkward_cpp-29-pp38-pypy38_pp73-macosx_10_9_x86_64.whl", hash = "sha256:edb9c932dac952f446ba3b3b255ec9fc1eabb80af48b880de0b0a3bc998e39a3"},
    {file = "awkward_cpp-29-pp38-pypy38_pp73-manylinux_2_17_x86_64.manylinux2014_x86_64.whl", hash = "sha256:764c691a93c58c517258d3bb3c428b30f768d0fdf4fc0865427e8d325a592f7b"},
    {file = "awkward_cpp-29-pp39-pypy39_pp73-macosx_10_9_x86_64.whl", hash = "sha256:16c66355d4e7031c6fe6dabb7eeda90f9e5bd772b5f152c7912b6bdad171e092"},
    {file = "awkward_cpp-29-pp39-pypy39_pp73-manylinux_2_17_x86_64.manylinux2014_x86_64.whl", hash = "sha256:cc619e187801b9526b37d3f8ca9d7b6d6567e6a2028a9e9429653252271b5b52"},
]

[package.dependencies]
numpy = ">=1.18.0"

[[package]]
name = "fsspec"
version = "2024.2.0"
description = "File-system specification"
optional = false
python-versions = ">=3.8"
files = [
    {file = "fsspec-2024.2.0-py3-none-any.whl", hash = "sha256:817f969556fa5916bc682e02ca2045f96ff7f586d45110fcb76022063ad2c7d8"},
    {file = "fsspec-2024.2.0.tar.gz", hash = "sha256:b6ad1a679f760dda52b1168c859d01b7b80648ea6f7f7c7f5a8a91dc3f3ecb84"},
]

[package.extras]
abfs = ["adlfs"]
adl = ["adlfs"]
arrow = ["pyarrow (>=1)"]
dask = ["dask", "distributed"]
devel = ["pytest", "pytest-cov"]
dropbox = ["dropbox", "dropboxdrivefs", "requests"]
full = ["adlfs", "aiohttp (!=4.0.0a0,!=4.0.0a1)", "dask", "distributed", "dropbox", "dropboxdrivefs", "fusepy", "gcsfs", "libarchive-c", "ocifs", "panel", "paramiko", "pyarrow (>=1)", "pygit2", "requests", "s3fs", "smbprotocol", "tqdm"]
fuse = ["fusepy"]
gcs = ["gcsfs"]
git = ["pygit2"]
github = ["requests"]
gs = ["gcsfs"]
gui = ["panel"]
hdfs = ["pyarrow (>=1)"]
http = ["aiohttp (!=4.0.0a0,!=4.0.0a1)"]
libarchive = ["libarchive-c"]
oci = ["ocifs"]
s3 = ["s3fs"]
sftp = ["paramiko"]
smb = ["smbprotocol"]
ssh = ["paramiko"]
tqdm = ["tqdm"]

[[package]]
name = "numpy"
version = "1.26.4"
description = "Fundamental package for array computing in Python"
optional = false
python-versions = ">=3.9"
files = [
    {file = "numpy-1.26.4-cp310-cp310-macosx_10_9_x86_64.whl", hash = "sha256:9ff0f4f29c51e2803569d7a51c2304de5554655a60c5d776e35b4a41413830d0"},
    {file = "numpy-1.26.4-cp310-cp310-macosx_11_0_arm64.whl", hash = "sha256:2e4ee3380d6de9c9ec04745830fd9e2eccb3e6cf790d39d7b98ffd19b0dd754a"},
    {file = "numpy-1.26.4-cp310-cp310-manylinux_2_17_aarch64.manylinux2014_aarch64.whl", hash = "sha256:d209d8969599b27ad20994c8e41936ee0964e6da07478d6c35016bc386b66ad4"},
    {file = "numpy-1.26.4-cp310-cp310-manylinux_2_17_x86_64.manylinux2014_x86_64.whl", hash = "sha256:ffa75af20b44f8dba823498024771d5ac50620e6915abac414251bd971b4529f"},
    {file = "numpy-1.26.4-cp310-cp310-musllinux_1_1_aarch64.whl", hash = "sha256:62b8e4b1e28009ef2846b4c7852046736bab361f7aeadeb6a5b89ebec3c7055a"},
    {file = "numpy-1.26.4-cp310-cp310-musllinux_1_1_x86_64.whl", hash = "sha256:a4abb4f9001ad2858e7ac189089c42178fcce737e4169dc61321660f1a96c7d2"},
    {file = "numpy-1.26.4-cp310-cp310-win32.whl", hash = "sha256:bfe25acf8b437eb2a8b2d49d443800a5f18508cd811fea3181723922a8a82b07"},
    {file = "numpy-1.26.4-cp310-cp310-win_amd64.whl", hash = "sha256:b97fe8060236edf3662adfc2c633f56a08ae30560c56310562cb4f95500022d5"},
    {file = "numpy-1.26.4-cp311-cp311-macosx_10_9_x86_64.whl", hash = "sha256:4c66707fabe114439db9068ee468c26bbdf909cac0fb58686a42a24de1760c71"},
    {file = "numpy-1.26.4-cp311-cp311-macosx_11_0_arm64.whl", hash = "sha256:edd8b5fe47dab091176d21bb6de568acdd906d1887a4584a15a9a96a1dca06ef"},
    {file = "numpy-1.26.4-cp311-cp311-manylinux_2_17_aarch64.manylinux2014_aarch64.whl", hash = "sha256:7ab55401287bfec946ced39700c053796e7cc0e3acbef09993a9ad2adba6ca6e"},
    {file = "numpy-1.26.4-cp311-cp311-manylinux_2_17_x86_64.manylinux2014_x86_64.whl", hash = "sha256:666dbfb6ec68962c033a450943ded891bed2d54e6755e35e5835d63f4f6931d5"},
    {file = "numpy-1.26.4-cp311-cp311-musllinux_1_1_aarch64.whl", hash = "sha256:96ff0b2ad353d8f990b63294c8986f1ec3cb19d749234014f4e7eb0112ceba5a"},
    {file = "numpy-1.26.4-cp311-cp311-musllinux_1_1_x86_64.whl", hash = "sha256:60dedbb91afcbfdc9bc0b1f3f402804070deed7392c23eb7a7f07fa857868e8a"},
    {file = "numpy-1.26.4-cp311-cp311-win32.whl", hash = "sha256:1af303d6b2210eb850fcf03064d364652b7120803a0b872f5211f5234b399f20"},
    {file = "numpy-1.26.4-cp311-cp311-win_amd64.whl", hash = "sha256:cd25bcecc4974d09257ffcd1f098ee778f7834c3ad767fe5db785be9a4aa9cb2"},
    {file = "numpy-1.26.4-cp312-cp312-macosx_10_9_x86_64.whl", hash = "sha256:b3ce300f3644fb06443ee2222c2201dd3a89ea6040541412b8fa189341847218"},
    {file = "numpy-1.26.4-cp312-cp312-macosx_11_0_arm64.whl", hash = "sha256:03a8c78d01d9781b28a6989f6fa1bb2c4f2d51201cf99d3dd875df6fbd96b23b"},
    {file = "numpy-1.26.4-cp312-cp312-manylinux_2_17_aarch64.manylinux2014_aarch64.whl", hash = "sha256:9fad7dcb1aac3c7f0584a5a8133e3a43eeb2fe127f47e3632d43d677c66c102b"},
    {file = "numpy-1.26.4-cp312-cp312-manylinux_2_17_x86_64.manylinux2014_x86_64.whl", hash = "sha256:675d61ffbfa78604709862923189bad94014bef562cc35cf61d3a07bba02a7ed"},
    {file = "numpy-1.26.4-cp312-cp312-musllinux_1_1_aarch64.whl", hash = "sha256:ab47dbe5cc8210f55aa58e4805fe224dac469cde56b9f731a4c098b91917159a"},
    {file = "numpy-1.26.4-cp312-cp312-musllinux_1_1_x86_64.whl", hash = "sha256:1dda2e7b4ec9dd512f84935c5f126c8bd8b9f2fc001e9f54af255e8c5f16b0e0"},
    {file = "numpy-1.26.4-cp312-cp312-win32.whl", hash = "sha256:50193e430acfc1346175fcbdaa28ffec49947a06918b7b92130744e81e640110"},
    {file = "numpy-1.26.4-cp312-cp312-win_amd64.whl", hash = "sha256:08beddf13648eb95f8d867350f6a018a4be2e5ad54c8d8caed89ebca558b2818"},
    {file = "numpy-1.26.4-cp39-cp39-macosx_10_9_x86_64.whl", hash = "sha256:7349ab0fa0c429c82442a27a9673fc802ffdb7c7775fad780226cb234965e53c"},
    {file = "numpy-1.26.4-cp39-cp39-macosx_11_0_arm64.whl", hash = "sha256:52b8b60467cd7dd1e9ed082188b4e6bb35aa5cdd01777621a1658910745b90be"},
    {file = "numpy-1.26.4-cp39-cp39-manylinux_2_17_aarch64.manylinux2014_aarch64.whl", hash = "sha256:d5241e0a80d808d70546c697135da2c613f30e28251ff8307eb72ba696945764"},
    {file = "numpy-1.26.4-cp39-cp39-manylinux_2_17_x86_64.manylinux2014_x86_64.whl", hash = "sha256:f870204a840a60da0b12273ef34f7051e98c3b5961b61b0c2c1be6dfd64fbcd3"},
    {file = "numpy-1.26.4-cp39-cp39-musllinux_1_1_aarch64.whl", hash = "sha256:679b0076f67ecc0138fd2ede3a8fd196dddc2ad3254069bcb9faf9a79b1cebcd"},
    {file = "numpy-1.26.4-cp39-cp39-musllinux_1_1_x86_64.whl", hash = "sha256:47711010ad8555514b434df65f7d7b076bb8261df1ca9bb78f53d3b2db02e95c"},
    {file = "numpy-1.26.4-cp39-cp39-win32.whl", hash = "sha256:a354325ee03388678242a4d7ebcd08b5c727033fcff3b2f536aea978e15ee9e6"},
    {file = "numpy-1.26.4-cp39-cp39-win_amd64.whl", hash = "sha256:3373d5d70a5fe74a2c1bb6d2cfd9609ecf686d47a2d7b1d37a8f3b6bf6003aea"},
    {file = "numpy-1.26.4-pp39-pypy39_pp73-macosx_10_9_x86_64.whl", hash = "sha256:afedb719a9dcfc7eaf2287b839d8198e06dcd4cb5d276a3df279231138e83d30"},
    {file = "numpy-1.26.4-pp39-pypy39_pp73-manylinux_2_17_x86_64.manylinux2014_x86_64.whl", hash = "sha256:95a7476c59002f2f6c590b9b7b998306fba6a5aa646b1e22ddfeaf8f78c3a29c"},
    {file = "numpy-1.26.4-pp39-pypy39_pp73-win_amd64.whl", hash = "sha256:7e50d0a0cc3189f9cb0aeb3a6a6af18c16f59f004b866cd2be1c14b36134a4a0"},
    {file = "numpy-1.26.4.tar.gz", hash = "sha256:2a02aba9ed12e4ac4eb3ea9421c420301a0c6460d9830d74a9df87efa4912010"},
]

[[package]]
name = "packaging"
version = "23.2"
description = "Core utilities for Python packages"
optional = false
python-versions = ">=3.7"
files = [
    {file = "packaging-23.2-py3-none-any.whl", hash = "sha256:8c491190033a9af7e1d931d0b5dacc2ef47509b34dd0de67ed209b5203fc88c7"},
    {file = "packaging-23.2.tar.gz", hash = "sha256:048fb0e9405036518eaaf48a55953c750c11e1a1b68e0dd1a9d62ed0c092cfc5"},
]

[[package]]
name = "plotext"
version = "5.2.8"
description = "plotext plots directly on terminal"
optional = false
python-versions = ">=3.5"
files = [
    {file = "plotext-5.2.8-py3-none-any.whl", hash = "sha256:7364cf72e6c9bffaf96158340fd2e0058faf404edbbc1e7a2aed421c8638d475"},
    {file = "plotext-5.2.8.tar.gz", hash = "sha256:319a287baabeb8576a711995f973a2eba631c887aa6b0f33ab016f12c50ffebe"},
]

[package.extras]
completion = ["shtab"]
image = ["pillow (>=8.4)"]
video = ["ffpyplayer (>=4.3.5)", "opencv-python (>=4.5.5)", "pafy (>=0.5.5)", "pillow (>=8.4)", "youtube-dl (==2020.12.2)"]

[[package]]
name = "uproot"
version = "5.2.2"
description = "ROOT I/O in pure Python and NumPy."
optional = false
python-versions = ">=3.8"
files = [
    {file = "uproot-5.2.2-py3-none-any.whl", hash = "sha256:df67149509f89ee0ac38e33238d5f36f342a14e3bcf9d46fe6ec1248bf4825eb"},
    {file = "uproot-5.2.2.tar.gz", hash = "sha256:ce6abba7efaae35d891f15ad1757ece63620f0db12260403fbd0339e41951fc1"},
]

[package.dependencies]
awkward = ">=2.4.6"
fsspec = "*"
numpy = "*"
packaging = "*"

[package.extras]
dev = ["awkward-pandas", "boost-histogram (>=0.13)", "dask-awkward (>=2023.12.1)", "dask[array,distributed]", "hist (>=1.2)", "pandas"]
test = ["aiohttp", "fsspec-xrootd", "lz4", "minio", "paramiko", "pytest (>=6)", "pytest-rerunfailures", "pytest-timeout", "rangehttpserver", "requests", "s3fs", "scikit-hep-testdata", "xxhash", "zstandard"]

[metadata]
lock-version = "2.0"
python-versions = "^3.12"
content-hash = "226e35835ff5381dc30fbf4c36a1bfc7f75b08aaf60d118ca7afd17338e43b50"
